# THIS IS AN AUTOGENERATED FILE. DO NOT EDIT THIS FILE DIRECTLY.
# yarn lockfile v1


"@jridgewell/sourcemap-codec@^1.5.5":
  version "1.5.5"
  resolved "https://registry.yarnpkg.com/@jridgewell/sourcemap-codec/-/sourcemap-codec-1.5.5.tgz#6912b00d2c631c0d15ce1a7ab57cd657f2a8f8ba"
  integrity sha512-cYQ9310grqxueWbl+WuIUIaiUaDcj7WOq5fVhEljNVgRfOUhY9fy2zTvfoqWsnebh8Sl70VScFbICvJnLKB0Og==

"@volar/language-core@2.4.23", "@volar/language-core@~2.4.23":
  version "2.4.23"
  resolved "https://registry.yarnpkg.com/@volar/language-core/-/language-core-2.4.23.tgz#deb6dbc5fdbafa9bb7ba691fc59cb196cdb856d3"
  integrity sha512-hEEd5ET/oSmBC6pi1j6NaNYRWoAiDhINbT8rmwtINugR39loROSlufGdYMF9TaKGfz+ViGs1Idi3mAhnuPcoGQ==
  dependencies:
    "@volar/source-map" "2.4.23"

"@volar/language-server@~2.4.23":
  version "2.4.23"
  resolved "https://registry.yarnpkg.com/@volar/language-server/-/language-server-2.4.23.tgz#0def0144acf275e8bd070535a675d68a9c3dcc30"
  integrity sha512-k0iO+tybMGMMyrNdWOxgFkP0XJTdbH0w+WZlM54RzJU3WZSjHEupwL30klpM7ep4FO6qyQa03h+VcGHD4Q8gEg==
  dependencies:
    "@volar/language-core" "2.4.23"
    "@volar/language-service" "2.4.23"
    "@volar/typescript" "2.4.23"
    path-browserify "^1.0.1"
    request-light "^0.7.0"
    vscode-languageserver "^9.0.1"
    vscode-languageserver-protocol "^3.17.5"
    vscode-languageserver-textdocument "^1.0.11"
    vscode-uri "^3.0.8"

"@volar/language-service@2.4.23":
  version "2.4.23"
  resolved "https://registry.yarnpkg.com/@volar/language-service/-/language-service-2.4.23.tgz#cb1413bc9de40ce084edde8162c8daf05bfb0498"
  integrity sha512-h5mU9DZ/6u3LCB9xomJtorNG6awBNnk9VuCioGsp6UtFiM8amvS5FcsaC3dabdL9zO0z+Gq9vIEMb/5u9K6jGQ==
  dependencies:
    "@volar/language-core" "2.4.23"
    vscode-languageserver-protocol "^3.17.5"
    vscode-languageserver-textdocument "^1.0.11"
    vscode-uri "^3.0.8"

"@volar/source-map@2.4.23":
  version "2.4.23"
  resolved "https://registry.yarnpkg.com/@volar/source-map/-/source-map-2.4.23.tgz#d476e11a3a669d89858a5eb38b02342be39b0e44"
  integrity sha512-Z1Uc8IB57Lm6k7q6KIDu/p+JWtf3xsXJqAX/5r18hYOTpJyBn0KXUR8oTJ4WFYOcDzWC9n3IflGgHowx6U6z9Q==

"@volar/typescript@2.4.23", "@volar/typescript@~2.4.23":
  version "2.4.23"
  resolved "https://registry.yarnpkg.com/@volar/typescript/-/typescript-2.4.23.tgz#b9b114ea01ad0ad977139edda0239fdafdb21ad7"
  integrity sha512-lAB5zJghWxVPqfcStmAP1ZqQacMpe90UrP5RJ3arDyrhy4aCUQqmxPPLB2PWDKugvylmO41ljK7vZ+t6INMTag==
  dependencies:
    "@volar/language-core" "2.4.23"
    path-browserify "^1.0.1"
    vscode-uri "^3.0.8"

"@volar/vscode@~2.4.23":
  version "2.4.23"
  resolved "https://registry.yarnpkg.com/@volar/vscode/-/vscode-2.4.23.tgz#8e7b30dd8a1aeff46091efeac26ceb4154669483"
  integrity sha512-rLghFmq5+pEpEkuMZtnFUVZFagYxas9q9U4U8ErcJ5Qv4bZ7AZ2oj5Wz4gx0O79ZgdOblDZIgttokw2Pc+VtnQ==
  dependencies:
    path-browserify "^1.0.1"
    vscode-languageclient "^9.0.1"
    vscode-nls "^5.2.0"

balanced-match@^1.0.0:
  version "1.0.2"
  resolved "https://registry.yarnpkg.com/balanced-match/-/balanced-match-1.0.2.tgz#e83e3a7e3f300b34cb9d87f615fa0cbf357690ee"
  integrity sha512-3oSeUO0TMV67hN1AmbXsK4yaqU7tjiHlbxRDZOpH0KW9+CeX4bRAaX0Anxt0tx2MrpRpWwQaPwIlISEJhYU5Pw==

brace-expansion@^2.0.1:
  version "2.0.2"
  resolved "https://registry.yarnpkg.com/brace-expansion/-/brace-expansion-2.0.2.tgz#54fc53237a613d854c7bd37463aad17df87214e7"
  integrity sha512-Jt0vHyM+jmUBqojB7E1NIYadt0vI0Qxjxd2TErW94wDz+E2LAm5vKMXXwg6ZZBTHPuUlDgQHKXvjGBdfcF1ZDQ==
  dependencies:
    balanced-match "^1.0.0"

minimatch@^5.1.0:
  version "5.1.6"
  resolved "https://registry.yarnpkg.com/minimatch/-/minimatch-5.1.6.tgz#1cfcb8cf5522ea69952cd2af95ae09477f122a96"
  integrity sha512-lKwV/1brpG6mBUFHtb7NUmtABCb2WZZmm2wNiOA5hAb8VdCS4B3dtMWyvcoViccwAW/COERjXLt0zP1zXUN26g==
  dependencies:
    brace-expansion "^2.0.1"

path-browserify@^1.0.1:
  version "1.0.1"
  resolved "https://registry.yarnpkg.com/path-browserify/-/path-browserify-1.0.1.tgz#d98454a9c3753d5790860f16f68867b9e46be1fd"
  integrity sha512-b7uo2UCUOYZcnF/3ID0lulOJi/bafxa1xPe7ZPsammBSpjSWQkjNxlt635YGS2MiR9GjvuXCtz2emr3jbsz98g==

request-light@^0.7.0:
  version "0.7.0"
  resolved "https://registry.yarnpkg.com/request-light/-/request-light-0.7.0.tgz#885628bb2f8040c26401ebf258ec51c4ae98ac2a"
  integrity sha512-lMbBMrDoxgsyO+yB3sDcrDuX85yYt7sS8BfQd11jtbW/z5ZWgLZRcEGLsLoYw7I0WSUGQBs8CC8ScIxkTX1+6Q==

semver@^7.3.7, semver@^7.3.8, semver@^7.6.2:
  version "7.7.2"
  resolved "https://registry.yarnpkg.com/semver/-/semver-7.7.2.tgz#67d99fdcd35cec21e6f8b87a7fd515a33f982b58"
  integrity sha512-RF0Fw+rO5AMf9MAyaRXI4AV0Ulj5lMHqVxxdSgiVbixSCXoEmmX/jk0CuJw4+3SqroYO9VoUh+HcuJivvtJemA==

typescript-auto-import-cache@^0.3.5:
  version "0.3.6"
  resolved "https://registry.yarnpkg.com/typescript-auto-import-cache/-/typescript-auto-import-cache-0.3.6.tgz#79f0375d6fa16d31133cf35d36025b58237c49c1"
  integrity sha512-RpuHXrknHdVdK7wv/8ug3Fr0WNsNi5l5aB8MYYuXhq2UH5lnEB1htJ1smhtD5VeCsGr2p8mUDtd83LCQDFVgjQ==
  dependencies:
    semver "^7.3.8"

"typescript-plugin-ripple@workspace:*":
  version "0.2.111"
  resolved "https://registry.yarnpkg.com/typescript-plugin-ripple/-/typescript-plugin-ripple-0.2.103.tgz#58486abffd7b0ecd5fa386bee952a2ffde94fd03"
  integrity sha512-Bo5moiivSvuDC3TfnmuPawSpf0Qz6DTxx8VvkrZqo/DtKtDsQ45C8l8bI2A5hwzi7lwLD8IQ3eQTef9tqaE8iA==
  dependencies:
    "@jridgewell/sourcemap-codec" "^1.5.5"
    "@volar/language-core" "~2.4.23"
    "@volar/typescript" "~2.4.23"

volar-service-typescript@0.0.65:
  version "0.0.65"
  resolved "https://registry.yarnpkg.com/volar-service-typescript/-/volar-service-typescript-0.0.65.tgz#5bb614dcc35844dd25a83e94604dcb002a141f83"
  integrity sha512-zPJuLIMs7lkQCvL+Rza8+3/EIoXEIkX8+DL7bNNfPgnbalbvRDhqWLVMJ6Zk3pINjLJafDqyhSbw8srfkUv97w==
  dependencies:
    path-browserify "^1.0.1"
    semver "^7.6.2"
    typescript-auto-import-cache "^0.3.5"
    vscode-languageserver-textdocument "^1.0.11"
    vscode-nls "^5.2.0"
    vscode-uri "^3.0.8"

vscode-jsonrpc@8.2.0:
  version "8.2.0"
  resolved "https://registry.yarnpkg.com/vscode-jsonrpc/-/vscode-jsonrpc-8.2.0.tgz#f43dfa35fb51e763d17cd94dcca0c9458f35abf9"
  integrity sha512-C+r0eKJUIfiDIfwJhria30+TYWPtuHJXHtI7J0YlOmKAo7ogxP20T0zxB7HZQIFhIyvoBPwWskjxrvAtfjyZfA==

vscode-languageclient@^9.0.1:
  version "9.0.1"
  resolved "https://registry.yarnpkg.com/vscode-languageclient/-/vscode-languageclient-9.0.1.tgz#cdfe20267726c8d4db839dc1e9d1816e1296e854"
  integrity sha512-JZiimVdvimEuHh5olxhxkht09m3JzUGwggb5eRUkzzJhZ2KjCN0nh55VfiED9oez9DyF8/fz1g1iBV3h+0Z2EA==
  dependencies:
    minimatch "^5.1.0"
    semver "^7.3.7"
    vscode-languageserver-protocol "3.17.5"

vscode-languageserver-protocol@3.17.5, vscode-languageserver-protocol@^3.17.5:
  version "3.17.5"
  resolved "https://registry.yarnpkg.com/vscode-languageserver-protocol/-/vscode-languageserver-protocol-3.17.5.tgz#864a8b8f390835572f4e13bd9f8313d0e3ac4bea"
  integrity sha512-mb1bvRJN8SVznADSGWM9u/b07H7Ecg0I3OgXDuLdn307rl/J3A9YD6/eYOssqhecL27hK1IPZAsaqh00i/Jljg==
  dependencies:
    vscode-jsonrpc "8.2.0"
    vscode-languageserver-types "3.17.5"

vscode-languageserver-textdocument@^1.0.11:
  version "1.0.12"
  resolved "https://registry.yarnpkg.com/vscode-languageserver-textdocument/-/vscode-languageserver-textdocument-1.0.12.tgz#457ee04271ab38998a093c68c2342f53f6e4a631"
  integrity sha512-cxWNPesCnQCcMPeenjKKsOCKQZ/L6Tv19DTRIGuLWe32lyzWhihGVJ/rcckZXJxfdKCFvRLS3fpBIsV/ZGX4zA==

vscode-languageserver-types@3.17.5:
  version "3.17.5"
  resolved "https://registry.yarnpkg.com/vscode-languageserver-types/-/vscode-languageserver-types-3.17.5.tgz#3273676f0cf2eab40b3f44d085acbb7f08a39d8a"
  integrity sha512-Ld1VelNuX9pdF39h2Hgaeb5hEZM2Z3jUrrMgWQAu82jMtZp7p3vJT3BzToKtZI7NgQssZje5o0zryOrhQvzQAg==

vscode-languageserver@^9.0.1:
  version "9.0.1"
  resolved "https://registry.yarnpkg.com/vscode-languageserver/-/vscode-languageserver-9.0.1.tgz#500aef82097eb94df90d008678b0b6b5f474015b"
  integrity sha512-woByF3PDpkHFUreUa7Hos7+pUWdeWMXRd26+ZX2A8cFx6v/JPTtd4/uN0/jB6XQHYaOlHbio03NTHCqrgG5n7g==
  dependencies:
    vscode-languageserver-protocol "3.17.5"

vscode-nls@^5.2.0:
  version "5.2.0"
  resolved "https://registry.yarnpkg.com/vscode-nls/-/vscode-nls-5.2.0.tgz#3cb6893dd9bd695244d8a024bdf746eea665cc3f"
  integrity sha512-RAaHx7B14ZU04EU31pT+rKz2/zSl7xMsfIZuo8pd+KZO6PXtQmpevpq3vxvWNcrGbdmhM/rr5Uw5Mz+NBfhVng==

vscode-uri@^3.0.8, vscode-uri@^3.1.0:
  version "3.1.0"
  resolved "https://registry.yarnpkg.com/vscode-uri/-/vscode-uri-3.1.0.tgz#dd09ec5a66a38b5c3fffc774015713496d14e09c"
  integrity sha512-/BpdSx+yCQGnCvecbyXdxHDkuk55/G3xwnC0GqY4gmQ3j+A+g8kzzgB4Nk/SINjqn6+waqw3EgbVF2QKExkRxQ==
